version = 1
requires-python = ">=3.11"
resolution-markers = [
    "python_full_version >= '3.12'",
    "python_full_version < '3.12'",
]

[[package]]
name = "numpy"
version = "1.26.4"
source = { registry = "https://pypi.org/simple" }
sdist = { url = "https://files.pythonhosted.org/packages/65/6e/09db70a523a96d25e115e71cc56a6f9031e7b8cd166c1ac8438307c14058/numpy-1.26.4.tar.gz", hash = "sha256:2a02aba9ed12e4ac4eb3ea9421c420301a0c6460d9830d74a9df87efa4912010", size = 15786129 }
wheels = [
    { url = "https://files.pythonhosted.org/packages/11/57/baae43d14fe163fa0e4c47f307b6b2511ab8d7d30177c491960504252053/numpy-1.26.4-cp311-cp311-macosx_10_9_x86_64.whl", hash = "sha256:4c66707fabe114439db9068ee468c26bbdf909cac0fb58686a42a24de1760c71", size = 20630554 },
    { url = "https://files.pythonhosted.org/packages/1a/2e/151484f49fd03944c4a3ad9c418ed193cfd02724e138ac8a9505d056c582/numpy-1.26.4-cp311-cp311-macosx_11_0_arm64.whl", hash = "sha256:edd8b5fe47dab091176d21bb6de568acdd906d1887a4584a15a9a96a1dca06ef", size = 13997127 },
    { url = "https://files.pythonhosted.org/packages/79/ae/7e5b85136806f9dadf4878bf73cf223fe5c2636818ba3ab1c585d0403164/numpy-1.26.4-cp311-cp311-manylinux_2_17_aarch64.manylinux2014_aarch64.whl", hash = "sha256:7ab55401287bfec946ced39700c053796e7cc0e3acbef09993a9ad2adba6ca6e", size = 14222994 },
    { url = "https://files.pythonhosted.org/packages/3a/d0/edc009c27b406c4f9cbc79274d6e46d634d139075492ad055e3d68445925/numpy-1.26.4-cp311-cp311-manylinux_2_17_x86_64.manylinux2014_x86_64.whl", hash = "sha256:666dbfb6ec68962c033a450943ded891bed2d54e6755e35e5835d63f4f6931d5", size = 18252005 },
    { url = "https://files.pythonhosted.org/packages/09/bf/2b1aaf8f525f2923ff6cfcf134ae5e750e279ac65ebf386c75a0cf6da06a/numpy-1.26.4-cp311-cp311-musllinux_1_1_aarch64.whl", hash = "sha256:96ff0b2ad353d8f990b63294c8986f1ec3cb19d749234014f4e7eb0112ceba5a", size = 13885297 },
    { url = "https://files.pythonhosted.org/packages/df/a0/4e0f14d847cfc2a633a1c8621d00724f3206cfeddeb66d35698c4e2cf3d2/numpy-1.26.4-cp311-cp311-musllinux_1_1_x86_64.whl", hash = "sha256:60dedbb91afcbfdc9bc0b1f3f402804070deed7392c23eb7a7f07fa857868e8a", size = 18093567 },
    { url = "https://files.pythonhosted.org/packages/d2/b7/a734c733286e10a7f1a8ad1ae8c90f2d33bf604a96548e0a4a3a6739b468/numpy-1.26.4-cp311-cp311-win32.whl", hash = "sha256:1af303d6b2210eb850fcf03064d364652b7120803a0b872f5211f5234b399f20", size = 5968812 },
    { url = "https://files.pythonhosted.org/packages/3f/6b/5610004206cf7f8e7ad91c5a85a8c71b2f2f8051a0c0c4d5916b76d6cbb2/numpy-1.26.4-cp311-cp311-win_amd64.whl", hash = "sha256:cd25bcecc4974d09257ffcd1f098ee778f7834c3ad767fe5db785be9a4aa9cb2", size = 15811913 },
    { url = "https://files.pythonhosted.org/packages/95/12/8f2020a8e8b8383ac0177dc9570aad031a3beb12e38847f7129bacd96228/numpy-1.26.4-cp312-cp312-macosx_10_9_x86_64.whl", hash = "sha256:b3ce300f3644fb06443ee2222c2201dd3a89ea6040541412b8fa189341847218", size = 20335901 },
    { url = "https://files.pythonhosted.org/packages/75/5b/ca6c8bd14007e5ca171c7c03102d17b4f4e0ceb53957e8c44343a9546dcc/numpy-1.26.4-cp312-cp312-macosx_11_0_arm64.whl", hash = "sha256:03a8c78d01d9781b28a6989f6fa1bb2c4f2d51201cf99d3dd875df6fbd96b23b", size = 13685868 },
    { url = "https://files.pythonhosted.org/packages/79/f8/97f10e6755e2a7d027ca783f63044d5b1bc1ae7acb12afe6a9b4286eac17/numpy-1.26.4-cp312-cp312-manylinux_2_17_aarch64.manylinux2014_aarch64.whl", hash = "sha256:9fad7dcb1aac3c7f0584a5a8133e3a43eeb2fe127f47e3632d43d677c66c102b", size = 13925109 },
    { url = "https://files.pythonhosted.org/packages/0f/50/de23fde84e45f5c4fda2488c759b69990fd4512387a8632860f3ac9cd225/numpy-1.26.4-cp312-cp312-manylinux_2_17_x86_64.manylinux2014_x86_64.whl", hash = "sha256:675d61ffbfa78604709862923189bad94014bef562cc35cf61d3a07bba02a7ed", size = 17950613 },
    { url = "https://files.pythonhosted.org/packages/4c/0c/9c603826b6465e82591e05ca230dfc13376da512b25ccd0894709b054ed0/numpy-1.26.4-cp312-cp312-musllinux_1_1_aarch64.whl", hash = "sha256:ab47dbe5cc8210f55aa58e4805fe224dac469cde56b9f731a4c098b91917159a", size = 13572172 },
    { url = "https://files.pythonhosted.org/packages/76/8c/2ba3902e1a0fc1c74962ea9bb33a534bb05984ad7ff9515bf8d07527cadd/numpy-1.26.4-cp312-cp312-musllinux_1_1_x86_64.whl", hash = "sha256:1dda2e7b4ec9dd512f84935c5f126c8bd8b9f2fc001e9f54af255e8c5f16b0e0", size = 17786643 },
    { url = "https://files.pythonhosted.org/packages/28/4a/46d9e65106879492374999e76eb85f87b15328e06bd1550668f79f7b18c6/numpy-1.26.4-cp312-cp312-win32.whl", hash = "sha256:50193e430acfc1346175fcbdaa28ffec49947a06918b7b92130744e81e640110", size = 5677803 },
    { url = "https://files.pythonhosted.org/packages/16/2e/86f24451c2d530c88daf997cb8d6ac622c1d40d19f5a031ed68a4b73a374/numpy-1.26.4-cp312-cp312-win_amd64.whl", hash = "sha256:08beddf13648eb95f8d867350f6a018a4be2e5ad54c8d8caed89ebca558b2818", size = 15517754 },
]

[[package]]
name = "pandas"
version = "2.2.0"
source = { registry = "https://pypi.org/simple" }
dependencies = [
    { name = "numpy" },
    { name = "python-dateutil" },
    { name = "pytz" },
    { name = "tzdata" },
]
sdist = { url = "https://files.pythonhosted.org/packages/03/d2/6fb05f20ee1b3961c7b283c1f8bafc6de752155d075c5db61c173de0de62/pandas-2.2.0.tar.gz", hash = "sha256:30b83f7c3eb217fb4d1b494a57a2fda5444f17834f5df2de6b2ffff68dc3c8e2", size = 4390211 }
wheels = [
    { url = "https://files.pythonhosted.org/packages/ac/6b/11c0e4f5dec878a5eca77aa3b24215c49d2eda8d2cfd654a3f03a9f9d33a/pandas-2.2.0-cp311-cp311-macosx_10_9_x86_64.whl", hash = "sha256:a1b438fa26b208005c997e78672f1aa8138f67002e833312e6230f3e57fa87d5", size = 12523742 },
    { url = "https://files.pythonhosted.org/packages/6f/4e/63e6b79132e854a67df3d37a5c8560e45c79e2504fa57e032c1d61abb090/pandas-2.2.0-cp311-cp311-macosx_11_0_arm64.whl", hash = "sha256:8ce2fbc8d9bf303ce54a476116165220a1fedf15985b09656b4b4275300e920b", size = 11767486 },
    { url = "https://files.pythonhosted.org/packages/30/24/ec0412ad5297d22ad06732325cc222d10397d831b567e2b8e04cd4eda7cd/pandas-2.2.0-cp311-cp311-manylinux_2_17_aarch64.manylinux2014_aarch64.whl", hash = "sha256:2707514a7bec41a4ab81f2ccce8b382961a29fbe9492eab1305bb075b2b1ff4f", size = 15588196 },
    { url = "https://files.pythonhosted.org/packages/5b/7e/9fd11ba8e86a8add8f2ff4e11c7111f65ec6fd1b547222160bb969e2bf5e/pandas-2.2.0-cp311-cp311-manylinux_2_17_x86_64.manylinux2014_x86_64.whl", hash = "sha256:85793cbdc2d5bc32620dc8ffa715423f0c680dacacf55056ba13454a5be5de88", size = 13043435 },
    { url = "https://files.pythonhosted.org/packages/31/7f/017592099d0257847f9d8a706154a7d70689390cbcc5b58599a8a2a48fd6/pandas-2.2.0-cp311-cp311-musllinux_1_1_aarch64.whl", hash = "sha256:cfd6c2491dc821b10c716ad6776e7ab311f7df5d16038d0b7458bc0b67dc10f3", size = 16240135 },
    { url = "https://files.pythonhosted.org/packages/c2/80/7465d8f2ca5837a2eb448de7942c19c52eaf5bc9c024926c2ea709c9c316/pandas-2.2.0-cp311-cp311-musllinux_1_1_x86_64.whl", hash = "sha256:a146b9dcacc3123aa2b399df1a284de5f46287a4ab4fbfc237eac98a92ebcb71", size = 13888619 },
    { url = "https://files.pythonhosted.org/packages/77/62/8e11962934e024a093758992bc82711e3e30efd5ea355cbfdc6e1ab5de76/pandas-2.2.0-cp311-cp311-win_amd64.whl", hash = "sha256:fbc1b53c0e1fdf16388c33c3cca160f798d38aea2978004dd3f4d3dec56454c9", size = 11583716 },
    { url = "https://files.pythonhosted.org/packages/e1/1e/d708cda584a2d70e6d3c930d102d07ee3d65bec3b2861f416b086cc518a8/pandas-2.2.0-cp312-cp312-macosx_10_9_x86_64.whl", hash = "sha256:a41d06f308a024981dcaa6c41f2f2be46a6b186b902c94c2674e8cb5c42985bc", size = 12458750 },
    { url = "https://files.pythonhosted.org/packages/72/33/e873f8bdeac9a954f93f33fb6fbdf3ded68e0096b154008855616559c64c/pandas-2.2.0-cp312-cp312-macosx_11_0_arm64.whl", hash = "sha256:159205c99d7a5ce89ecfc37cb08ed179de7783737cea403b295b5eda8e9c56d1", size = 11740624 },
    { url = "https://files.pythonhosted.org/packages/65/f9/1ff0f7dac2493f2c3a86cdb6106de8a7a6da75735f27e1c6a106b3d26e6e/pandas-2.2.0-cp312-cp312-manylinux_2_17_aarch64.manylinux2014_aarch64.whl", hash = "sha256:eb1e1f3861ea9132b32f2133788f3b14911b68102d562715d71bd0013bc45440", size = 15185059 },
    { url = "https://files.pythonhosted.org/packages/b2/a5/7f14d11f5bb3ca5681f6827616ccfbb03ec9504322674e4f962a5e9e404b/pandas-2.2.0-cp312-cp312-manylinux_2_17_x86_64.manylinux2014_x86_64.whl", hash = "sha256:761cb99b42a69005dec2b08854fb1d4888fdf7b05db23a8c5a099e4b886a2106", size = 12723033 },
    { url = "https://files.pythonhosted.org/packages/dc/68/b42aea61273d47dbac1ba465739c90310e55081be4a33a0d44022194fb0a/pandas-2.2.0-cp312-cp312-musllinux_1_1_aarch64.whl", hash = "sha256:a20628faaf444da122b2a64b1e5360cde100ee6283ae8effa0d8745153809a2e", size = 15855969 },
    { url = "https://files.pythonhosted.org/packages/dc/c3/0df8f14482f9edee3d23b55edfb1c9d94376e78e4a815e0b2f7cf2776fe7/pandas-2.2.0-cp312-cp312-musllinux_1_1_x86_64.whl", hash = "sha256:f5be5d03ea2073627e7111f61b9f1f0d9625dc3c4d8dda72cc827b0c58a1d042", size = 13381916 },
    { url = "https://files.pythonhosted.org/packages/87/03/fe50521919aa981f6a1c197037da4623a267b0e5f42246d69ba048e86da3/pandas-2.2.0-cp312-cp312-win_amd64.whl", hash = "sha256:a626795722d893ed6aacb64d2401d017ddc8a2341b49e0384ab9bf7112bdec30", size = 11464015 },
]

[[package]]
name = "pyarrow"
version = "20.0.0"
source = { registry = "https://pypi.org/simple" }
sdist = { url = "https://files.pythonhosted.org/packages/a2/ee/a7810cb9f3d6e9238e61d312076a9859bf3668fd21c69744de9532383912/pyarrow-20.0.0.tar.gz", hash = "sha256:febc4a913592573c8d5805091a6c2b5064c8bd6e002131f01061797d91c783c1", size = 1125187 }
wheels = [
    { url = "https://files.pythonhosted.org/packages/47/a2/b7930824181ceadd0c63c1042d01fa4ef63eee233934826a7a2a9af6e463/pyarrow-20.0.0-cp311-cp311-macosx_12_0_arm64.whl", hash = "sha256:24ca380585444cb2a31324c546a9a56abbe87e26069189e14bdba19c86c049f0", size = 30856035 },
    { url = "https://files.pythonhosted.org/packages/9b/18/c765770227d7f5bdfa8a69f64b49194352325c66a5c3bb5e332dfd5867d9/pyarrow-20.0.0-cp311-cp311-macosx_12_0_x86_64.whl", hash = "sha256:95b330059ddfdc591a3225f2d272123be26c8fa76e8c9ee1a77aad507361cfdb", size = 32309552 },
    { url = "https://files.pythonhosted.org/packages/44/fb/dfb2dfdd3e488bb14f822d7335653092dde150cffc2da97de6e7500681f9/pyarrow-20.0.0-cp311-cp311-manylinux_2_17_aarch64.manylinux2014_aarch64.whl", hash = "sha256:5f0fb1041267e9968c6d0d2ce3ff92e3928b243e2b6d11eeb84d9ac547308232", size = 41334704 },
    { url = "https://files.pythonhosted.org/packages/58/0d/08a95878d38808051a953e887332d4a76bc06c6ee04351918ee1155407eb/pyarrow-20.0.0-cp311-cp311-manylinux_2_17_x86_64.manylinux2014_x86_64.whl", hash = "sha256:b8ff87cc837601532cc8242d2f7e09b4e02404de1b797aee747dd4ba4bd6313f", size = 42399836 },
    { url = "https://files.pythonhosted.org/packages/f3/cd/efa271234dfe38f0271561086eedcad7bc0f2ddd1efba423916ff0883684/pyarrow-20.0.0-cp311-cp311-manylinux_2_28_aarch64.whl", hash = "sha256:7a3a5dcf54286e6141d5114522cf31dd67a9e7c9133d150799f30ee302a7a1ab", size = 40711789 },
    { url = "https://files.pythonhosted.org/packages/46/1f/7f02009bc7fc8955c391defee5348f510e589a020e4b40ca05edcb847854/pyarrow-20.0.0-cp311-cp311-manylinux_2_28_x86_64.whl", hash = "sha256:a6ad3e7758ecf559900261a4df985662df54fb7fdb55e8e3b3aa99b23d526b62", size = 42301124 },
    { url = "https://files.pythonhosted.org/packages/4f/92/692c562be4504c262089e86757a9048739fe1acb4024f92d39615e7bab3f/pyarrow-20.0.0-cp311-cp311-musllinux_1_2_aarch64.whl", hash = "sha256:6bb830757103a6cb300a04610e08d9636f0cd223d32f388418ea893a3e655f1c", size = 42916060 },
    { url = "https://files.pythonhosted.org/packages/a4/ec/9f5c7e7c828d8e0a3c7ef50ee62eca38a7de2fa6eb1b8fa43685c9414fef/pyarrow-20.0.0-cp311-cp311-musllinux_1_2_x86_64.whl", hash = "sha256:96e37f0766ecb4514a899d9a3554fadda770fb57ddf42b63d80f14bc20aa7db3", size = 44547640 },
    { url = "https://files.pythonhosted.org/packages/54/96/46613131b4727f10fd2ffa6d0d6f02efcc09a0e7374eff3b5771548aa95b/pyarrow-20.0.0-cp311-cp311-win_amd64.whl", hash = "sha256:3346babb516f4b6fd790da99b98bed9708e3f02e734c84971faccb20736848dc", size = 25781491 },
    { url = "https://files.pythonhosted.org/packages/a1/d6/0c10e0d54f6c13eb464ee9b67a68b8c71bcf2f67760ef5b6fbcddd2ab05f/pyarrow-20.0.0-cp312-cp312-macosx_12_0_arm64.whl", hash = "sha256:75a51a5b0eef32727a247707d4755322cb970be7e935172b6a3a9f9ae98404ba", size = 30815067 },
    { url = "https://files.pythonhosted.org/packages/7e/e2/04e9874abe4094a06fd8b0cbb0f1312d8dd7d707f144c2ec1e5e8f452ffa/pyarrow-20.0.0-cp312-cp312-macosx_12_0_x86_64.whl", hash = "sha256:211d5e84cecc640c7a3ab900f930aaff5cd2702177e0d562d426fb7c4f737781", size = 32297128 },
    { url = "https://files.pythonhosted.org/packages/31/fd/c565e5dcc906a3b471a83273039cb75cb79aad4a2d4a12f76cc5ae90a4b8/pyarrow-20.0.0-cp312-cp312-manylinux_2_17_aarch64.manylinux2014_aarch64.whl", hash = "sha256:4ba3cf4182828be7a896cbd232aa8dd6a31bd1f9e32776cc3796c012855e1199", size = 41334890 },
    { url = "https://files.pythonhosted.org/packages/af/a9/3bdd799e2c9b20c1ea6dc6fa8e83f29480a97711cf806e823f808c2316ac/pyarrow-20.0.0-cp312-cp312-manylinux_2_17_x86_64.manylinux2014_x86_64.whl", hash = "sha256:2c3a01f313ffe27ac4126f4c2e5ea0f36a5fc6ab51f8726cf41fee4b256680bd", size = 42421775 },
    { url = "https://files.pythonhosted.org/packages/10/f7/da98ccd86354c332f593218101ae56568d5dcedb460e342000bd89c49cc1/pyarrow-20.0.0-cp312-cp312-manylinux_2_28_aarch64.whl", hash = "sha256:a2791f69ad72addd33510fec7bb14ee06c2a448e06b649e264c094c5b5f7ce28", size = 40687231 },
    { url = "https://files.pythonhosted.org/packages/bb/1b/2168d6050e52ff1e6cefc61d600723870bf569cbf41d13db939c8cf97a16/pyarrow-20.0.0-cp312-cp312-manylinux_2_28_x86_64.whl", hash = "sha256:4250e28a22302ce8692d3a0e8ec9d9dde54ec00d237cff4dfa9c1fbf79e472a8", size = 42295639 },
    { url = "https://files.pythonhosted.org/packages/b2/66/2d976c0c7158fd25591c8ca55aee026e6d5745a021915a1835578707feb3/pyarrow-20.0.0-cp312-cp312-musllinux_1_2_aarch64.whl", hash = "sha256:89e030dc58fc760e4010148e6ff164d2f44441490280ef1e97a542375e41058e", size = 42908549 },
    { url = "https://files.pythonhosted.org/packages/31/a9/dfb999c2fc6911201dcbf348247f9cc382a8990f9ab45c12eabfd7243a38/pyarrow-20.0.0-cp312-cp312-musllinux_1_2_x86_64.whl", hash = "sha256:6102b4864d77102dbbb72965618e204e550135a940c2534711d5ffa787df2a5a", size = 44557216 },
    { url = "https://files.pythonhosted.org/packages/a0/8e/9adee63dfa3911be2382fb4d92e4b2e7d82610f9d9f668493bebaa2af50f/pyarrow-20.0.0-cp312-cp312-win_amd64.whl", hash = "sha256:96d6a0a37d9c98be08f5ed6a10831d88d52cac7b13f5287f1e0f625a0de8062b", size = 25660496 },
    { url = "https://files.pythonhosted.org/packages/9b/aa/daa413b81446d20d4dad2944110dcf4cf4f4179ef7f685dd5a6d7570dc8e/pyarrow-20.0.0-cp313-cp313-macosx_12_0_arm64.whl", hash = "sha256:a15532e77b94c61efadde86d10957950392999503b3616b2ffcef7621a002893", size = 30798501 },
    { url = "https://files.pythonhosted.org/packages/ff/75/2303d1caa410925de902d32ac215dc80a7ce7dd8dfe95358c165f2adf107/pyarrow-20.0.0-cp313-cp313-macosx_12_0_x86_64.whl", hash = "sha256:dd43f58037443af715f34f1322c782ec463a3c8a94a85fdb2d987ceb5658e061", size = 32277895 },
    { url = "https://files.pythonhosted.org/packages/92/41/fe18c7c0b38b20811b73d1bdd54b1fccba0dab0e51d2048878042d84afa8/pyarrow-20.0.0-cp313-cp313-manylinux_2_17_aarch64.manylinux2014_aarch64.whl", hash = "sha256:aa0d288143a8585806e3cc7c39566407aab646fb9ece164609dac1cfff45f6ae", size = 41327322 },
    { url = "https://files.pythonhosted.org/packages/da/ab/7dbf3d11db67c72dbf36ae63dcbc9f30b866c153b3a22ef728523943eee6/pyarrow-20.0.0-cp313-cp313-manylinux_2_17_x86_64.manylinux2014_x86_64.whl", hash = "sha256:b6953f0114f8d6f3d905d98e987d0924dabce59c3cda380bdfaa25a6201563b4", size = 42411441 },
    { url = "https://files.pythonhosted.org/packages/90/c3/0c7da7b6dac863af75b64e2f827e4742161128c350bfe7955b426484e226/pyarrow-20.0.0-cp313-cp313-manylinux_2_28_aarch64.whl", hash = "sha256:991f85b48a8a5e839b2128590ce07611fae48a904cae6cab1f089c5955b57eb5", size = 40677027 },
    { url = "https://files.pythonhosted.org/packages/be/27/43a47fa0ff9053ab5203bb3faeec435d43c0d8bfa40179bfd076cdbd4e1c/pyarrow-20.0.0-cp313-cp313-manylinux_2_28_x86_64.whl", hash = "sha256:97c8dc984ed09cb07d618d57d8d4b67a5100a30c3818c2fb0b04599f0da2de7b", size = 42281473 },
    { url = "https://files.pythonhosted.org/packages/bc/0b/d56c63b078876da81bbb9ba695a596eabee9b085555ed12bf6eb3b7cab0e/pyarrow-20.0.0-cp313-cp313-musllinux_1_2_aarch64.whl", hash = "sha256:9b71daf534f4745818f96c214dbc1e6124d7daf059167330b610fc69b6f3d3e3", size = 42893897 },
    { url = "https://files.pythonhosted.org/packages/92/ac/7d4bd020ba9145f354012838692d48300c1b8fe5634bfda886abcada67ed/pyarrow-20.0.0-cp313-cp313-musllinux_1_2_x86_64.whl", hash = "sha256:e8b88758f9303fa5a83d6c90e176714b2fd3852e776fc2d7e42a22dd6c2fb368", size = 44543847 },
    { url = "https://files.pythonhosted.org/packages/9d/07/290f4abf9ca702c5df7b47739c1b2c83588641ddfa2cc75e34a301d42e55/pyarrow-20.0.0-cp313-cp313-win_amd64.whl", hash = "sha256:30b3051b7975801c1e1d387e17c588d8ab05ced9b1e14eec57915f79869b5031", size = 25653219 },
    { url = "https://files.pythonhosted.org/packages/95/df/720bb17704b10bd69dde086e1400b8eefb8f58df3f8ac9cff6c425bf57f1/pyarrow-20.0.0-cp313-cp313t-macosx_12_0_arm64.whl", hash = "sha256:ca151afa4f9b7bc45bcc791eb9a89e90a9eb2772767d0b1e5389609c7d03db63", size = 30853957 },
    { url = "https://files.pythonhosted.org/packages/d9/72/0d5f875efc31baef742ba55a00a25213a19ea64d7176e0fe001c5d8b6e9a/pyarrow-20.0.0-cp313-cp313t-macosx_12_0_x86_64.whl", hash = "sha256:4680f01ecd86e0dd63e39eb5cd59ef9ff24a9d166db328679e36c108dc993d4c", size = 32247972 },
    { url = "https://files.pythonhosted.org/packages/d5/bc/e48b4fa544d2eea72f7844180eb77f83f2030b84c8dad860f199f94307ed/pyarrow-20.0.0-cp313-cp313t-manylinux_2_17_aarch64.manylinux2014_aarch64.whl", hash = "sha256:7f4c8534e2ff059765647aa69b75d6543f9fef59e2cd4c6d18015192565d2b70", size = 41256434 },
    { url = "https://files.pythonhosted.org/packages/c3/01/974043a29874aa2cf4f87fb07fd108828fc7362300265a2a64a94965e35b/pyarrow-20.0.0-cp313-cp313t-manylinux_2_17_x86_64.manylinux2014_x86_64.whl", hash = "sha256:3e1f8a47f4b4ae4c69c4d702cfbdfe4d41e18e5c7ef6f1bb1c50918c1e81c57b", size = 42353648 },
    { url = "https://files.pythonhosted.org/packages/68/95/cc0d3634cde9ca69b0e51cbe830d8915ea32dda2157560dda27ff3b3337b/pyarrow-20.0.0-cp313-cp313t-manylinux_2_28_aarch64.whl", hash = "sha256:a1f60dc14658efaa927f8214734f6a01a806d7690be4b3232ba526836d216122", size = 40619853 },
    { url = "https://files.pythonhosted.org/packages/29/c2/3ad40e07e96a3e74e7ed7cc8285aadfa84eb848a798c98ec0ad009eb6bcc/pyarrow-20.0.0-cp313-cp313t-manylinux_2_28_x86_64.whl", hash = "sha256:204a846dca751428991346976b914d6d2a82ae5b8316a6ed99789ebf976551e6", size = 42241743 },
    { url = "https://files.pythonhosted.org/packages/eb/cb/65fa110b483339add6a9bc7b6373614166b14e20375d4daa73483755f830/pyarrow-20.0.0-cp313-cp313t-musllinux_1_2_aarch64.whl", hash = "sha256:f3b117b922af5e4c6b9a9115825726cac7d8b1421c37c2b5e24fbacc8930612c", size = 42839441 },
    { url = "https://files.pythonhosted.org/packages/98/7b/f30b1954589243207d7a0fbc9997401044bf9a033eec78f6cb50da3f304a/pyarrow-20.0.0-cp313-cp313t-musllinux_1_2_x86_64.whl", hash = "sha256:e724a3fd23ae5b9c010e7be857f4405ed5e679db5c93e66204db1a69f733936a", size = 44503279 },
    { url = "https://files.pythonhosted.org/packages/37/40/ad395740cd641869a13bcf60851296c89624662575621968dcfafabaa7f6/pyarrow-20.0.0-cp313-cp313t-win_amd64.whl", hash = "sha256:82f1ee5133bd8f49d31be1299dc07f585136679666b502540db854968576faf9", size = 25944982 },
]

[[package]]
name = "python-dateutil"
version = "2.9.0.post0"
source = { registry = "https://pypi.org/simple" }
dependencies = [
    { name = "six" },
]
sdist = { url = "https://files.pythonhosted.org/packages/66/c0/0c8b6ad9f17a802ee498c46e004a0eb49bc148f2fd230864601a86dcf6db/python-dateutil-2.9.0.post0.tar.gz", hash = "sha256:37dd54208da7e1cd875388217d5e00ebd4179249f90fb72437e91a35459a0ad3", size = 342432 }
wheels = [
    { url = "https://files.pythonhosted.org/packages/ec/57/56b9bcc3c9c6a792fcbaf139543cee77261f3651ca9da0c93f5c1221264b/python_dateutil-2.9.0.post0-py2.py3-none-any.whl", hash = "sha256:a8b2bc7bffae282281c8140a97d3aa9c14da0b136dfe83f850eea9a5f7470427", size = 229892 },
]

[[package]]
name = "pytz"
version = "2025.2"
source = { registry = "https://pypi.org/simple" }
sdist = { url = "https://files.pythonhosted.org/packages/f8/bf/abbd3cdfb8fbc7fb3d4d38d320f2441b1e7cbe29be4f23797b4a2b5d8aac/pytz-2025.2.tar.gz", hash = "sha256:360b9e3dbb49a209c21ad61809c7fb453643e048b38924c765813546746e81c3", size = 320884 }
wheels = [
    { url = "https://files.pythonhosted.org/packages/81/c4/34e93fe5f5429d7570ec1fa436f1986fb1f00c3e0f43a589fe2bbcd22c3f/pytz-2025.2-py2.py3-none-any.whl", hash = "sha256:5ddf76296dd8c44c26eb8f4b6f35488f3ccbf6fbbd7adee0b7262d43f0ec2f00", size = 509225 },
]

[[package]]
name = "roughclust"
version = "0.1.0"
source = { virtual = "." }
dependencies = [
    { name = "pandas" },
    { name = "pyarrow" },
    { name = "scipy" },
]

[package.metadata]
requires-dist = [
    { name = "pandas", specifier = "==2.2.0" },
    { name = "pyarrow", specifier = ">=20.0.0" },
    { name = "scipy", specifier = "==1.10.0" },
]

[[package]]
name = "scipy"
version = "1.10.0"
source = { registry = "https://pypi.org/simple" }
dependencies = [
    { name = "numpy" },
]
sdist = { url = "https://files.pythonhosted.org/packages/d6/bd/2d13a273d95f7b7d9903c906c486040b0aebb85e008f93a5dd0891f21f1f/scipy-1.10.0.tar.gz", hash = "sha256:c8b3cbc636a87a89b770c6afc999baa6bcbb01691b5ccbbc1b1791c7c0a07540", size = 42398693 }
wheels = [
    { url = "https://files.pythonhosted.org/packages/7a/23/13579b64ab458782a43e11e1ad095488458b8df099063ae07773666adada/scipy-1.10.0-cp311-cp311-macosx_10_15_x86_64.whl", hash = "sha256:42ab8b9e7dc1ebe248e55f54eea5307b6ab15011a7883367af48dd781d1312e4", size = 34984684 },
    { url = "https://files.pythonhosted.org/packages/fc/c9/a58b6c6ade3e80f76b134632fad491438b78c844ee54e590c7b842cb9de3/scipy-1.10.0-cp311-cp311-macosx_12_0_arm64.whl", hash = "sha256:e096b062d2efdea57f972d232358cb068413dc54eec4f24158bcbb5cb8bddfd8", size = 28705456 },
    { url = "https://files.pythonhosted.org/packages/d5/80/b23382de9c50509afd151d6876dca33cafef2237a36f74ac7f3bfc327fc2/scipy-1.10.0-cp311-cp311-manylinux_2_17_aarch64.manylinux2014_aarch64.whl", hash = "sha256:4df25a28bd22c990b22129d3c637fd5c3be4b7c94f975dca909d8bab3309b694", size = 30677591 },
    { url = "https://files.pythonhosted.org/packages/da/b8/03dae1cd4fa687d84cd60513aef17efecf7c277bc771bb96a1d8780dd734/scipy-1.10.0-cp311-cp311-manylinux_2_17_x86_64.manylinux2014_x86_64.whl", hash = "sha256:2ad449db4e0820e4b42baccefc98ec772ad7818dcbc9e28b85aa05a536b0f1a2", size = 34124731 },
    { url = "https://files.pythonhosted.org/packages/c3/c4/8efe05b8ee86c7276448ef54f71ddb194416b881bc7a0d3c353279eea6aa/scipy-1.10.0-cp311-cp311-win_amd64.whl", hash = "sha256:6faf86ef7717891195ae0537e48da7524d30bc3b828b30c9b115d04ea42f076f", size = 42226259 },
]

[[package]]
name = "six"
version = "1.17.0"
source = { registry = "https://pypi.org/simple" }
sdist = { url = "https://files.pythonhosted.org/packages/94/e7/b2c673351809dca68a0e064b6af791aa332cf192da575fd474ed7d6f16a2/six-1.17.0.tar.gz", hash = "sha256:ff70335d468e7eb6ec65b95b99d3a2836546063f63acc5171de367e834932a81", size = 34031 }
wheels = [
    { url = "https://files.pythonhosted.org/packages/b7/ce/149a00dd41f10bc29e5921b496af8b574d8413afcd5e30dfa0ed46c2cc5e/six-1.17.0-py2.py3-none-any.whl", hash = "sha256:4721f391ed90541fddacab5acf947aa0d3dc7d27b2e1e8eda2be8970586c3274", size = 11050 },
]

[[package]]
name = "tzdata"
version = "2025.2"
source = { registry = "https://pypi.org/simple" }
sdist = { url = "https://files.pythonhosted.org/packages/95/32/1a225d6164441be760d75c2c42e2780dc0873fe382da3e98a2e1e48361e5/tzdata-2025.2.tar.gz", hash = "sha256:b60a638fcc0daffadf82fe0f57e53d06bdec2f36c4df66280ae79bce6bd6f2b9", size = 196380 }
wheels = [
    { url = "https://files.pythonhosted.org/packages/5c/23/c7abc0ca0a1526a0774eca151daeb8de62ec457e77262b66b359c3c7679e/tzdata-2025.2-py2.py3-none-any.whl", hash = "sha256:1a403fada01ff9221ca8044d701868fa132215d84beb92242d9acd2147f667a8", size = 347839 },
]
